
Microsoft Visual Studio Solution File, Format Version 12.00
# Visual Studio Version 16
VisualStudioVersion = 16.0.33130.400
MinimumVisualStudioVersion = 10.0.40219.1
Project("{FAE04EC0-301F-11D3-BF4B-00C04F79EFBC}") = "Northwind.Entities", "Northwind.Entities\Northwind.Entities.csproj", "{3BE35FE0-3D60-4EAF-A7F8-099C58C7D541}"
EndProject
Project("{FAE04EC0-301F-11D3-BF4B-00C04F79EFBC}") = "Northwind.DataAccess", "Northwind.DataAccess\Northwind.DataAccess.csproj", "{519131A9-B69F-4050-8CC8-C62136B81B87}"
EndProject
Project("{FAE04EC0-301F-11D3-BF4B-00C04F79EFBC}") = "Northwind.Business", "Northwind.Business\Northwind.Business.csproj", "{4A6171AA-513B-4EA2-8F22-421EADB785F5}"
EndProject
Project("{FAE04EC0-301F-11D3-BF4B-00C04F79EFBC}") = "Norhwind.WebFormsUI", "Norhwind.WebFormsUI\Norhwind.WebFormsUI.csproj", "{0B6BC5AD-DD0E-46BD-851B-FB3FD252C91B}"
EndProject
Global
	GlobalSection(SolutionConfigurationPlatforms) = preSolution
		Debug|Any CPU = Debug|Any CPU
		Release|Any CPU = Release|Any CPU
	EndGlobalSection
	GlobalSection(ProjectConfigurationPlatforms) = postSolution
		{3BE35FE0-3D60-4EAF-A7F8-099C58C7D541}.Debug|Any CPU.ActiveCfg = Debug|Any CPU
		{3BE35FE0-3D60-4EAF-A7F8-099C58C7D541}.Debug|Any CPU.Build.0 = Debug|Any CPU
		{3BE35FE0-3D60-4EAF-A7F8-099C58C7D541}.Release|Any CPU.ActiveCfg = Release|Any CPU
		{3BE35FE0-3D60-4EAF-A7F8-099C58C7D541}.Release|Any CPU.Build.0 = Release|Any CPU
		{519131A9-B69F-4050-8CC8-C62136B81B87}.Debug|Any CPU.ActiveCfg = Debug|Any CPU
		{519131A9-B69F-4050-8CC8-C62136B81B87}.Debug|Any CPU.Build.0 = Debug|Any CPU
		{519131A9-B69F-4050-8CC8-C62136B81B87}.Release|Any CPU.ActiveCfg = Release|Any CPU
		{519131A9-B69F-4050-8CC8-C62136B81B87}.Release|Any CPU.Build.0 = Release|Any CPU
		{4A6171AA-513B-4EA2-8F22-421EADB785F5}.Debug|Any CPU.ActiveCfg = Debug|Any CPU
		{4A6171AA-513B-4EA2-8F22-421EADB785F5}.Debug|Any CPU.Build.0 = Debug|Any CPU
		{4A6171AA-513B-4EA2-8F22-421EADB785F5}.Release|Any CPU.ActiveCfg = Release|Any CPU
		{4A6171AA-513B-4EA2-8F22-421EADB785F5}.Release|Any CPU.Build.0 = Release|Any CPU
		{0B6BC5AD-DD0E-46BD-851B-FB3FD252C91B}.Debug|Any CPU.ActiveCfg = Debug|Any CPU
		{0B6BC5AD-DD0E-46BD-851B-FB3FD252C91B}.Debug|Any CPU.Build.0 = Debug|Any CPU
		{0B6BC5AD-DD0E-46BD-851B-FB3FD252C91B}.Release|Any CPU.ActiveCfg = Release|Any CPU
		{0B6BC5AD-DD0E-46BD-851B-FB3FD252C91B}.Release|Any CPU.Build.0 = Release|Any CPU
	EndGlobalSection
	GlobalSection(SolutionProperties) = preSolution
		HideSolutionNode = FALSE
	EndGlobalSection
	GlobalSection(ExtensibilityGlobals) = postSolution
		SolutionGuid = {10C30AAA-D0D7-4A23-A4FF-CD35987EA722}
	EndGlobalSection
EndGlobal
